
Microsoft Visual Studio Solution File, Format Version 12.00
# Visual Studio 15
VisualStudioVersion = 15.0.27703.2047
MinimumVisualStudioVersion = 10.0.40219.1
Project("{8BC9CEB8-8B4A-11D0-8D11-00A0C91BC942}") = "1-HelloAIE", "1-HelloAIE\1-HelloAIE.vcxproj", "{981C0EDE-7387-4E98-AAE5-58A864AF76A9}"
EndProject
Project("{8BC9CEB8-8B4A-11D0-8D11-00A0C91BC942}") = "2-Variables", "2-Variables\2-Variables.vcxproj", "{51B477F9-FD10-4B46-AFF1-78CCAFFAFC93}"
EndProject
Project("{8BC9CEB8-8B4A-11D0-8D11-00A0C91BC942}") = "3-Loops", "3-Loops\3-Loops.vcxproj", "{2F8FF91F-E201-438A-958C-6FCF30A0B593}"
EndProject
Project("{8BC9CEB8-8B4A-11D0-8D11-00A0C91BC942}") = "4-Arrays", "Project1\Project1.vcxproj", "{C6B6D5CA-38B2-4F3A-8CBB-6D75F070901F}"
EndProject
Project("{8BC9CEB8-8B4A-11D0-8D11-00A0C91BC942}") = "5-Conditionals", "2.5-Conditionals\2.5-Conditionals.vcxproj", "{BA1466C0-9951-47F1-9EBE-7CCEA19841F1}"
EndProject
Project("{8BC9CEB8-8B4A-11D0-8D11-00A0C91BC942}") = "6-FunctionsAndBreakpoints", "6-FunctionsAndBreakpoints\6-FunctionsAndBreakpoints.vcxproj", "{D46D216F-EE78-4B2F-8B88-DFAE09190609}"
EndProject
Project("{8BC9CEB8-8B4A-11D0-8D11-00A0C91BC942}") = "7-Structs", "7-Structs\7-Structs.vcxproj", "{F681DFAD-9D77-47C7-B066-23F9670B0485}"
EndProject
Project("{8BC9CEB8-8B4A-11D0-8D11-00A0C91BC942}") = "Review-1", "..\Review\Review-1\Review-1.vcxproj", "{4921EAA3-01F1-4D87-A008-450BCAA9036A}"
EndProject
Project("{8BC9CEB8-8B4A-11D0-8D11-00A0C91BC942}") = "8-Pointers", "8-Pointers\8-Pointers.vcxproj", "{04260C59-F19E-4A50-A4E5-6E2598E41A72}"
EndProject
Project("{8BC9CEB8-8B4A-11D0-8D11-00A0C91BC942}") = "9-DynamicMemoryAllocation", "9-DynamicMemoryAllocation\9-DynamicMemoryAllocation.vcxproj", "{4366221E-6CE7-4FA3-A8A5-6ECECF6DB7F6}"
EndProject
Project("{8BC9CEB8-8B4A-11D0-8D11-00A0C91BC942}") = "10-References", "10-References\10-References.vcxproj", "{505B3582-ECDB-4684-84ED-D65C54715094}"
EndProject
Project("{8BC9CEB8-8B4A-11D0-8D11-00A0C91BC942}") = "11-Cstrings", "11-Cstrings\11-Cstrings.vcxproj", "{61DAD9F7-A620-4710-8F09-C794D9475033}"
EndProject
Project("{8BC9CEB8-8B4A-11D0-8D11-00A0C91BC942}") = "12-StlStrings", "12-StlStrings\12-StlStrings.vcxproj", "{2E24FB08-1064-459B-93E2-26E1AEA40757}"
EndProject
Project("{8BC9CEB8-8B4A-11D0-8D11-00A0C91BC942}") = "Review-2", "Review-2\Review-2.vcxproj", "{B5B51ABF-B4B7-4C7C-8F76-CC6D7EE13069}"
EndProject
Project("{8BC9CEB8-8B4A-11D0-8D11-00A0C91BC942}") = "Debugging", "Debugging\Debugging.vcxproj", "{7BD47575-D1B9-4433-808B-610ACA7FA54B}"
EndProject
Global
	GlobalSection(SolutionConfigurationPlatforms) = preSolution
		Debug|x64 = Debug|x64
		Debug|x86 = Debug|x86
		Release|x64 = Release|x64
		Release|x86 = Release|x86
	EndGlobalSection
	GlobalSection(ProjectConfigurationPlatforms) = postSolution
		{981C0EDE-7387-4E98-AAE5-58A864AF76A9}.Debug|x64.ActiveCfg = Debug|x64
		{981C0EDE-7387-4E98-AAE5-58A864AF76A9}.Debug|x64.Build.0 = Debug|x64
		{981C0EDE-7387-4E98-AAE5-58A864AF76A9}.Debug|x86.ActiveCfg = Debug|Win32
		{981C0EDE-7387-4E98-AAE5-58A864AF76A9}.Debug|x86.Build.0 = Debug|Win32
		{981C0EDE-7387-4E98-AAE5-58A864AF76A9}.Release|x64.ActiveCfg = Release|x64
		{981C0EDE-7387-4E98-AAE5-58A864AF76A9}.Release|x64.Build.0 = Release|x64
		{981C0EDE-7387-4E98-AAE5-58A864AF76A9}.Release|x86.ActiveCfg = Release|Win32
		{981C0EDE-7387-4E98-AAE5-58A864AF76A9}.Release|x86.Build.0 = Release|Win32
		{51B477F9-FD10-4B46-AFF1-78CCAFFAFC93}.Debug|x64.ActiveCfg = Debug|x64
		{51B477F9-FD10-4B46-AFF1-78CCAFFAFC93}.Debug|x64.Build.0 = Debug|x64
		{51B477F9-FD10-4B46-AFF1-78CCAFFAFC93}.Debug|x86.ActiveCfg = Debug|Win32
		{51B477F9-FD10-4B46-AFF1-78CCAFFAFC93}.Debug|x86.Build.0 = Debug|Win32
		{51B477F9-FD10-4B46-AFF1-78CCAFFAFC93}.Release|x64.ActiveCfg = Release|x64
		{51B477F9-FD10-4B46-AFF1-78CCAFFAFC93}.Release|x64.Build.0 = Release|x64
		{51B477F9-FD10-4B46-AFF1-78CCAFFAFC93}.Release|x86.ActiveCfg = Release|Win32
		{51B477F9-FD10-4B46-AFF1-78CCAFFAFC93}.Release|x86.Build.0 = Release|Win32
		{2F8FF91F-E201-438A-958C-6FCF30A0B593}.Debug|x64.ActiveCfg = Debug|x64
		{2F8FF91F-E201-438A-958C-6FCF30A0B593}.Debug|x64.Build.0 = Debug|x64
		{2F8FF91F-E201-438A-958C-6FCF30A0B593}.Debug|x86.ActiveCfg = Debug|Win32
		{2F8FF91F-E201-438A-958C-6FCF30A0B593}.Debug|x86.Build.0 = Debug|Win32
		{2F8FF91F-E201-438A-958C-6FCF30A0B593}.Release|x64.ActiveCfg = Release|x64
		{2F8FF91F-E201-438A-958C-6FCF30A0B593}.Release|x64.Build.0 = Release|x64
		{2F8FF91F-E201-438A-958C-6FCF30A0B593}.Release|x86.ActiveCfg = Release|Win32
		{2F8FF91F-E201-438A-958C-6FCF30A0B593}.Release|x86.Build.0 = Release|Win32
		{C6B6D5CA-38B2-4F3A-8CBB-6D75F070901F}.Debug|x64.ActiveCfg = Debug|x64
		{C6B6D5CA-38B2-4F3A-8CBB-6D75F070901F}.Debug|x64.Build.0 = Debug|x64
		{C6B6D5CA-38B2-4F3A-8CBB-6D75F070901F}.Debug|x86.ActiveCfg = Debug|Win32
		{C6B6D5CA-38B2-4F3A-8CBB-6D75F070901F}.Debug|x86.Build.0 = Debug|Win32
		{C6B6D5CA-38B2-4F3A-8CBB-6D75F070901F}.Release|x64.ActiveCfg = Release|x64
		{C6B6D5CA-38B2-4F3A-8CBB-6D75F070901F}.Release|x64.Build.0 = Release|x64
		{C6B6D5CA-38B2-4F3A-8CBB-6D75F070901F}.Release|x86.ActiveCfg = Release|Win32
		{C6B6D5CA-38B2-4F3A-8CBB-6D75F070901F}.Release|x86.Build.0 = Release|Win32
		{BA1466C0-9951-47F1-9EBE-7CCEA19841F1}.Debug|x64.ActiveCfg = Debug|x64
		{BA1466C0-9951-47F1-9EBE-7CCEA19841F1}.Debug|x64.Build.0 = Debug|x64
		{BA1466C0-9951-47F1-9EBE-7CCEA19841F1}.Debug|x86.ActiveCfg = Debug|Win32
		{BA1466C0-9951-47F1-9EBE-7CCEA19841F1}.Debug|x86.Build.0 = Debug|Win32
		{BA1466C0-9951-47F1-9EBE-7CCEA19841F1}.Release|x64.ActiveCfg = Release|x64
		{BA1466C0-9951-47F1-9EBE-7CCEA19841F1}.Release|x64.Build.0 = Release|x64
		{BA1466C0-9951-47F1-9EBE-7CCEA19841F1}.Release|x86.ActiveCfg = Release|Win32
		{BA1466C0-9951-47F1-9EBE-7CCEA19841F1}.Release|x86.Build.0 = Release|Win32
		{D46D216F-EE78-4B2F-8B88-DFAE09190609}.Debug|x64.ActiveCfg = Debug|x64
		{D46D216F-EE78-4B2F-8B88-DFAE09190609}.Debug|x64.Build.0 = Debug|x64
		{D46D216F-EE78-4B2F-8B88-DFAE09190609}.Debug|x86.ActiveCfg = Debug|Win32
		{D46D216F-EE78-4B2F-8B88-DFAE09190609}.Debug|x86.Build.0 = Debug|Win32
		{D46D216F-EE78-4B2F-8B88-DFAE09190609}.Release|x64.ActiveCfg = Release|x64
		{D46D216F-EE78-4B2F-8B88-DFAE09190609}.Release|x64.Build.0 = Release|x64
		{D46D216F-EE78-4B2F-8B88-DFAE09190609}.Release|x86.ActiveCfg = Release|Win32
		{D46D216F-EE78-4B2F-8B88-DFAE09190609}.Release|x86.Build.0 = Release|Win32
		{F681DFAD-9D77-47C7-B066-23F9670B0485}.Debug|x64.ActiveCfg = Debug|x64
		{F681DFAD-9D77-47C7-B066-23F9670B0485}.Debug|x64.Build.0 = Debug|x64
		{F681DFAD-9D77-47C7-B066-23F9670B0485}.Debug|x86.ActiveCfg = Debug|Win32
		{F681DFAD-9D77-47C7-B066-23F9670B0485}.Debug|x86.Build.0 = Debug|Win32
		{F681DFAD-9D77-47C7-B066-23F9670B0485}.Release|x64.ActiveCfg = Release|x64
		{F681DFAD-9D77-47C7-B066-23F9670B0485}.Release|x64.Build.0 = Release|x64
		{F681DFAD-9D77-47C7-B066-23F9670B0485}.Release|x86.ActiveCfg = Release|Win32
		{F681DFAD-9D77-47C7-B066-23F9670B0485}.Release|x86.Build.0 = Release|Win32
		{4921EAA3-01F1-4D87-A008-450BCAA9036A}.Debug|x64.ActiveCfg = Debug|x64
		{4921EAA3-01F1-4D87-A008-450BCAA9036A}.Debug|x64.Build.0 = Debug|x64
		{4921EAA3-01F1-4D87-A008-450BCAA9036A}.Debug|x86.ActiveCfg = Debug|Win32
		{4921EAA3-01F1-4D87-A008-450BCAA9036A}.Debug|x86.Build.0 = Debug|Win32
		{4921EAA3-01F1-4D87-A008-450BCAA9036A}.Release|x64.ActiveCfg = Release|x64
		{4921EAA3-01F1-4D87-A008-450BCAA9036A}.Release|x64.Build.0 = Release|x64
		{4921EAA3-01F1-4D87-A008-450BCAA9036A}.Release|x86.ActiveCfg = Release|Win32
		{4921EAA3-01F1-4D87-A008-450BCAA9036A}.Release|x86.Build.0 = Release|Win32
		{04260C59-F19E-4A50-A4E5-6E2598E41A72}.Debug|x64.ActiveCfg = Debug|x64
		{04260C59-F19E-4A50-A4E5-6E2598E41A72}.Debug|x64.Build.0 = Debug|x64
		{04260C59-F19E-4A50-A4E5-6E2598E41A72}.Debug|x86.ActiveCfg = Debug|Win32
		{04260C59-F19E-4A50-A4E5-6E2598E41A72}.Debug|x86.Build.0 = Debug|Win32
		{04260C59-F19E-4A50-A4E5-6E2598E41A72}.Release|x64.ActiveCfg = Release|x64
		{04260C59-F19E-4A50-A4E5-6E2598E41A72}.Release|x64.Build.0 = Release|x64
		{04260C59-F19E-4A50-A4E5-6E2598E41A72}.Release|x86.ActiveCfg = Release|Win32
		{04260C59-F19E-4A50-A4E5-6E2598E41A72}.Release|x86.Build.0 = Release|Win32
		{4366221E-6CE7-4FA3-A8A5-6ECECF6DB7F6}.Debug|x64.ActiveCfg = Debug|x64
		{4366221E-6CE7-4FA3-A8A5-6ECECF6DB7F6}.Debug|x64.Build.0 = Debug|x64
		{4366221E-6CE7-4FA3-A8A5-6ECECF6DB7F6}.Debug|x86.ActiveCfg = Debug|Win32
		{4366221E-6CE7-4FA3-A8A5-6ECECF6DB7F6}.Debug|x86.Build.0 = Debug|Win32
		{4366221E-6CE7-4FA3-A8A5-6ECECF6DB7F6}.Release|x64.ActiveCfg = Release|x64
		{4366221E-6CE7-4FA3-A8A5-6ECECF6DB7F6}.Release|x64.Build.0 = Release|x64
		{4366221E-6CE7-4FA3-A8A5-6ECECF6DB7F6}.Release|x86.ActiveCfg = Release|Win32
		{4366221E-6CE7-4FA3-A8A5-6ECECF6DB7F6}.Release|x86.Build.0 = Release|Win32
		{505B3582-ECDB-4684-84ED-D65C54715094}.Debug|x64.ActiveCfg = Debug|x64
		{505B3582-ECDB-4684-84ED-D65C54715094}.Debug|x64.Build.0 = Debug|x64
		{505B3582-ECDB-4684-84ED-D65C54715094}.Debug|x86.ActiveCfg = Debug|Win32
		{505B3582-ECDB-4684-84ED-D65C54715094}.Debug|x86.Build.0 = Debug|Win32
		{505B3582-ECDB-4684-84ED-D65C54715094}.Release|x64.ActiveCfg = Release|x64
		{505B3582-ECDB-4684-84ED-D65C54715094}.Release|x64.Build.0 = Release|x64
		{505B3582-ECDB-4684-84ED-D65C54715094}.Release|x86.ActiveCfg = Release|Win32
		{505B3582-ECDB-4684-84ED-D65C54715094}.Release|x86.Build.0 = Release|Win32
		{61DAD9F7-A620-4710-8F09-C794D9475033}.Debug|x64.ActiveCfg = Debug|x64
		{61DAD9F7-A620-4710-8F09-C794D9475033}.Debug|x64.Build.0 = Debug|x64
		{61DAD9F7-A620-4710-8F09-C794D9475033}.Debug|x86.ActiveCfg = Debug|Win32
		{61DAD9F7-A620-4710-8F09-C794D9475033}.Debug|x86.Build.0 = Debug|Win32
		{61DAD9F7-A620-4710-8F09-C794D9475033}.Release|x64.ActiveCfg = Release|x64
		{61DAD9F7-A620-4710-8F09-C794D9475033}.Release|x64.Build.0 = Release|x64
		{61DAD9F7-A620-4710-8F09-C794D9475033}.Release|x86.ActiveCfg = Release|Win32
		{61DAD9F7-A620-4710-8F09-C794D9475033}.Release|x86.Build.0 = Release|Win32
		{2E24FB08-1064-459B-93E2-26E1AEA40757}.Debug|x64.ActiveCfg = Debug|x64
		{2E24FB08-1064-459B-93E2-26E1AEA40757}.Debug|x64.Build.0 = Debug|x64
		{2E24FB08-1064-459B-93E2-26E1AEA40757}.Debug|x86.ActiveCfg = Debug|Win32
		{2E24FB08-1064-459B-93E2-26E1AEA40757}.Debug|x86.Build.0 = Debug|Win32
		{2E24FB08-1064-459B-93E2-26E1AEA40757}.Release|x64.ActiveCfg = Release|x64
		{2E24FB08-1064-459B-93E2-26E1AEA40757}.Release|x64.Build.0 = Release|x64
		{2E24FB08-1064-459B-93E2-26E1AEA40757}.Release|x86.ActiveCfg = Release|Win32
		{2E24FB08-1064-459B-93E2-26E1AEA40757}.Release|x86.Build.0 = Release|Win32
		{B5B51ABF-B4B7-4C7C-8F76-CC6D7EE13069}.Debug|x64.ActiveCfg = Debug|x64
		{B5B51ABF-B4B7-4C7C-8F76-CC6D7EE13069}.Debug|x64.Build.0 = Debug|x64
		{B5B51ABF-B4B7-4C7C-8F76-CC6D7EE13069}.Debug|x86.ActiveCfg = Debug|Win32
		{B5B51ABF-B4B7-4C7C-8F76-CC6D7EE13069}.Debug|x86.Build.0 = Debug|Win32
		{B5B51ABF-B4B7-4C7C-8F76-CC6D7EE13069}.Release|x64.ActiveCfg = Release|x64
		{B5B51ABF-B4B7-4C7C-8F76-CC6D7EE13069}.Release|x64.Build.0 = Release|x64
		{B5B51ABF-B4B7-4C7C-8F76-CC6D7EE13069}.Release|x86.ActiveCfg = Release|Win32
		{B5B51ABF-B4B7-4C7C-8F76-CC6D7EE13069}.Release|x86.Build.0 = Release|Win32
		{7BD47575-D1B9-4433-808B-610ACA7FA54B}.Debug|x64.ActiveCfg = Debug|x64
		{7BD47575-D1B9-4433-808B-610ACA7FA54B}.Debug|x64.Build.0 = Debug|x64
		{7BD47575-D1B9-4433-808B-610ACA7FA54B}.Debug|x86.ActiveCfg = Debug|Win32
		{7BD47575-D1B9-4433-808B-610ACA7FA54B}.Debug|x86.Build.0 = Debug|Win32
		{7BD47575-D1B9-4433-808B-610ACA7FA54B}.Release|x64.ActiveCfg = Release|x64
		{7BD47575-D1B9-4433-808B-610ACA7FA54B}.Release|x64.Build.0 = Release|x64
		{7BD47575-D1B9-4433-808B-610ACA7FA54B}.Release|x86.ActiveCfg = Release|Win32
		{7BD47575-D1B9-4433-808B-610ACA7FA54B}.Release|x86.Build.0 = Release|Win32
	EndGlobalSection
	GlobalSection(SolutionProperties) = preSolution
		HideSolutionNode = FALSE
	EndGlobalSection
	GlobalSection(ExtensibilityGlobals) = postSolution
		SolutionGuid = {67BFA011-B21F-442B-B4D2-80EF6FD0B0D9}
	EndGlobalSection
EndGlobal
